
Microsoft Visual Studio Solution File, Format Version 12.00
# Visual Studio Version 17
VisualStudioVersion = 17.3.32825.248
MinimumVisualStudioVersion = 10.0.40219.1
Project("{9A19103F-16F7-4668-BE54-9A1E7A4F7556}") = "Xarajat.Bot", "Xarajat.Bot\Xarajat.Bot.csproj", "{52B2B018-4C58-4DF4-9646-717464AE1D15}"
EndProject
Project("{9A19103F-16F7-4668-BE54-9A1E7A4F7556}") = "Data", "Data\Data.csproj", "{35514697-A942-499A-A4DD-7EEBD9B2FFF7}"
EndProject
Global
	GlobalSection(SolutionConfigurationPlatforms) = preSolution
		Debug|Any CPU = Debug|Any CPU
		Release|Any CPU = Release|Any CPU
	EndGlobalSection
	GlobalSection(ProjectConfigurationPlatforms) = postSolution
		{52B2B018-4C58-4DF4-9646-717464AE1D15}.Debug|Any CPU.ActiveCfg = Debug|Any CPU
		{52B2B018-4C58-4DF4-9646-717464AE1D15}.Debug|Any CPU.Build.0 = Debug|Any CPU
		{52B2B018-4C58-4DF4-9646-717464AE1D15}.Release|Any CPU.ActiveCfg = Release|Any CPU
		{52B2B018-4C58-4DF4-9646-717464AE1D15}.Release|Any CPU.Build.0 = Release|Any CPU
		{35514697-A942-499A-A4DD-7EEBD9B2FFF7}.Debug|Any CPU.ActiveCfg = Debug|Any CPU
		{35514697-A942-499A-A4DD-7EEBD9B2FFF7}.Debug|Any CPU.Build.0 = Debug|Any CPU
		{35514697-A942-499A-A4DD-7EEBD9B2FFF7}.Release|Any CPU.ActiveCfg = Release|Any CPU
		{35514697-A942-499A-A4DD-7EEBD9B2FFF7}.Release|Any CPU.Build.0 = Release|Any CPU
	EndGlobalSection
	GlobalSection(SolutionProperties) = preSolution
		HideSolutionNode = FALSE
	EndGlobalSection
	GlobalSection(ExtensibilityGlobals) = postSolution
		SolutionGuid = {3C63526F-472C-478A-B030-821D69192FE1}
	EndGlobalSection
EndGlobal
